
Microsoft Visual Studio Solution File, Format Version 12.00
# Visual Studio Version 17
VisualStudioVersion = 17.5.33120.50
MinimumVisualStudioVersion = 10.0.40219.1
Project("{9A19103F-16F7-4668-BE54-9A1E7A4F7556}") = "SwApiNet.Exports", "SwApiNet.Exports\SwApiNet.Exports.csproj", "{375C3715-030A-45FA-BD6B-A545E18CD2E7}"
EndProject
Project("{FAE04EC0-301F-11D3-BF4B-00C04F79EFBC}") = "SwApiNet.Wrappers", "SwApiNet.Wrappers\SwApiNet.Wrappers.csproj", "{97BA636A-CF2C-4E20-AA44-551650AF2701}"
EndProject
Project("{FAE04EC0-301F-11D3-BF4B-00C04F79EFBC}") = "SwApiNet.Codegen", "SwApiNet.Codegen\SwApiNet.Codegen.csproj", "{24A04E1F-FBDA-4C2E-9040-2B35224B6D8F}"
EndProject
Project("{2150E333-8FDC-42A3-9474-1A3956D46DE8}") = "tests", "tests", "{0B5E3E94-7CB7-40D7-80F1-8A67255E3D5F}"
EndProject
Project("{FAE04EC0-301F-11D3-BF4B-00C04F79EFBC}") = "SwApiNet.Codegen.Tests", "SwApiNet.Codegen.Tests\SwApiNet.Codegen.Tests.csproj", "{D1333007-06BC-48C7-B4D5-BC387EDAC505}"
EndProject
Global
	GlobalSection(SolutionConfigurationPlatforms) = preSolution
		Debug|Any CPU = Debug|Any CPU
		Release|Any CPU = Release|Any CPU
	EndGlobalSection
	GlobalSection(ProjectConfigurationPlatforms) = postSolution
		{375C3715-030A-45FA-BD6B-A545E18CD2E7}.Debug|Any CPU.ActiveCfg = Debug|Any CPU
		{375C3715-030A-45FA-BD6B-A545E18CD2E7}.Debug|Any CPU.Build.0 = Debug|Any CPU
		{375C3715-030A-45FA-BD6B-A545E18CD2E7}.Release|Any CPU.ActiveCfg = Release|Any CPU
		{375C3715-030A-45FA-BD6B-A545E18CD2E7}.Release|Any CPU.Build.0 = Release|Any CPU
		{97BA636A-CF2C-4E20-AA44-551650AF2701}.Debug|Any CPU.ActiveCfg = Debug|Any CPU
		{97BA636A-CF2C-4E20-AA44-551650AF2701}.Debug|Any CPU.Build.0 = Debug|Any CPU
		{97BA636A-CF2C-4E20-AA44-551650AF2701}.Release|Any CPU.ActiveCfg = Release|Any CPU
		{97BA636A-CF2C-4E20-AA44-551650AF2701}.Release|Any CPU.Build.0 = Release|Any CPU
		{24A04E1F-FBDA-4C2E-9040-2B35224B6D8F}.Debug|Any CPU.ActiveCfg = Debug|Any CPU
		{24A04E1F-FBDA-4C2E-9040-2B35224B6D8F}.Debug|Any CPU.Build.0 = Debug|Any CPU
		{24A04E1F-FBDA-4C2E-9040-2B35224B6D8F}.Release|Any CPU.ActiveCfg = Release|Any CPU
		{24A04E1F-FBDA-4C2E-9040-2B35224B6D8F}.Release|Any CPU.Build.0 = Release|Any CPU
		{D1333007-06BC-48C7-B4D5-BC387EDAC505}.Debug|Any CPU.ActiveCfg = Debug|Any CPU
		{D1333007-06BC-48C7-B4D5-BC387EDAC505}.Debug|Any CPU.Build.0 = Debug|Any CPU
		{D1333007-06BC-48C7-B4D5-BC387EDAC505}.Release|Any CPU.ActiveCfg = Release|Any CPU
		{D1333007-06BC-48C7-B4D5-BC387EDAC505}.Release|Any CPU.Build.0 = Release|Any CPU
	EndGlobalSection
	GlobalSection(SolutionProperties) = preSolution
		HideSolutionNode = FALSE
	EndGlobalSection
	GlobalSection(ExtensibilityGlobals) = postSolution
		SolutionGuid = {74533994-B78D-4C14-BAC8-9DE8B71E3D8F}
	EndGlobalSection
	GlobalSection(NestedProjects) = preSolution
		{D1333007-06BC-48C7-B4D5-BC387EDAC505} = {0B5E3E94-7CB7-40D7-80F1-8A67255E3D5F}
	EndGlobalSection
EndGlobal
